<?xml version="1.0" encoding="utf-8"?>
<Project ToolsVersion="4.0" xmlns="http://schemas.microsoft.com/developer/msbuild/2003">
  <ItemGroup>
    <Filter Include="Source Files">
      <UniqueIdentifier>{4FC737F1-C7A5-4376-A066-2A32D752A2FF}</UniqueIdentifier>
      <Extensions>cpp;c;cc;cxx;def;odl;idl;hpj;bat;asm;asmx</Extensions>
    </Filter>
    <Filter Include="Header Files">
      <UniqueIdentifier>{93995380-89BD-4b04-88EB-625FBE52EBFB}</UniqueIdentifier>
      <Extensions>h;hh;hpp;hxx;hm;inl;inc;xsd</Extensions>
    </Filter>
    <Filter Include="Resource Files">
      <UniqueIdentifier>{67DA6AB6-F800-4c08-8B7A-83BB121AAD01}</UniqueIdentifier>
      <Extensions>rc;ico;cur;bmp;dlg;rc2;rct;bin;rgs;gif;jpg;jpeg;jpe;resx;tiff;tif;png;wav;mfcribbon-ms</Extensions>
    </Filter>
  </ItemGroup>
  <ItemGroup>
    <ClInclude Include="GerberParser.h">
      <Filter>Header Files</Filter>
    </ClInclude>
    <ClInclude Include="GerberHandler.h">
      <Filter>Header Files</Filter>
    </ClInclude>
    <ClInclude Include="InputStream.h">
      <Filter>Header Files</Filter>
    </ClInclude>
    <ClInclude Include="GerberCommand.h">
      <Filter>Header Files</Filter>
    </ClInclude>
    <ClInclude Include="Composite.h">
      <Filter>Header Files</Filter>
    </ClInclude>
    <ClInclude Include="GerberSegment.h">
      <Filter>Header Files</Filter>
    </ClInclude>
    <ClInclude Include="GerberInterpolate.h">
      <Filter>Header Files</Filter>
    </ClInclude>
    <ClInclude Include="GerberTypes.h">
      <Filter>Header Files</Filter>
    </ClInclude>
    <ClInclude Include="GerberState.h">
      <Filter>Header Files</Filter>
    </ClInclude>
    <ClInclude Include="GerberEndSegment.h">
      <Filter>Header Files</Filter>
    </ClInclude>
    <ClInclude Include="GerberMove.h">
      <Filter>Header Files</Filter>
    </ClInclude>
    <ClInclude Include="GerberAperature.h">
      <Filter>Header Files</Filter>
    </ClInclude>
    <ClInclude Include="GerberFlash.h">
      <Filter>Header Files</Filter>
    </ClInclude>
    <ClInclude Include="GerberMacro.h">
      <Filter>Header Files</Filter>
    </ClInclude>
    <ClInclude Include="GerberAperatureBlock.h">
      <Filter>Header Files</Filter>
    </ClInclude>
    <ClInclude Include="GerberStepRepeat.h">
      <Filter>Header Files</Filter>
    </ClInclude>
    <ClInclude Include="Variable.h">
      <Filter>Header Files</Filter>
    </ClInclude>
    <ClInclude Include="GerberPrimitive.h">
      <Filter>Header Files</Filter>
    </ClInclude>
    <ClInclude Include="Expression.h">
      <Filter>Header Files</Filter>
    </ClInclude>
    <ClInclude Include="GerberPrimitiveCircle.h">
      <Filter>Header Files</Filter>
    </ClInclude>
    <ClInclude Include="GerberPrimitiveCenterLine.h">
      <Filter>Header Files</Filter>
    </ClInclude>
    <ClInclude Include="GerberAperatureCircle.h">
      <Filter>Header Files</Filter>
    </ClInclude>
    <ClInclude Include="GerberAperatureRectangle.h">
      <Filter>Header Files</Filter>
    </ClInclude>
    <ClInclude Include="GerberAperatureObround.h">
      <Filter>Header Files</Filter>
    </ClInclude>
    <ClInclude Include="GerberAperaturePolygon.h">
      <Filter>Header Files</Filter>
    </ClInclude>
    <ClInclude Include="GerberAperatureMacro.h">
      <Filter>Header Files</Filter>
    </ClInclude>
    <ClInclude Include="GerberRender.h">
      <Filter>Header Files</Filter>
    </ClInclude>
    <ClInclude Include="GerberRenderPNG.h">
      <Filter>Header Files</Filter>
    </ClInclude>
    <ClInclude Include="WKBGeometry.h">
      <Filter>Header Files</Filter>
    </ClInclude>
    <ClInclude Include="GerberRenderDXF.h">
      <Filter>Header Files</Filter>
    </ClInclude>
    <ClInclude Include="Layer.h">
      <Filter>Header Files</Filter>
    </ClInclude>
    <ClInclude Include="Part.h">
      <Filter>Header Files</Filter>
    </ClInclude>
    <ClInclude Include="DrillsParser.h">
      <Filter>Header Files</Filter>
    </ClInclude>
    <ClInclude Include="DrillTool.h">
      <Filter>Header Files</Filter>
    </ClInclude>
    <ClInclude Include="DrillHole.h">
      <Filter>Header Files</Filter>
    </ClInclude>
    <ClInclude Include="Rectangle.h">
      <Filter>Header Files</Filter>
    </ClInclude>
  </ItemGroup>
  <ItemGroup>
    <ClCompile Include="GerberParser.cpp">
      <Filter>Source Files</Filter>
    </ClCompile>
    <ClCompile Include="GerberHandler.cpp">
      <Filter>Source Files</Filter>
    </ClCompile>
    <ClCompile Include="InputStream.cpp">
      <Filter>Source Files</Filter>
    </ClCompile>
    <ClCompile Include="GerberCommand.cpp">
      <Filter>Source Files</Filter>
    </ClCompile>
    <ClCompile Include="Composite.cpp">
      <Filter>Source Files</Filter>
    </ClCompile>
    <ClCompile Include="GerberSegment.cpp">
      <Filter>Source Files</Filter>
    </ClCompile>
    <ClCompile Include="GerberInterpolate.cpp">
      <Filter>Source Files</Filter>
    </ClCompile>
    <ClCompile Include="GerberState.cpp">
      <Filter>Source Files</Filter>
    </ClCompile>
    <ClCompile Include="GerberEndSegment.cpp">
      <Filter>Source Files</Filter>
    </ClCompile>
    <ClCompile Include="GerberMove.cpp">
      <Filter>Source Files</Filter>
    </ClCompile>
    <ClCompile Include="GerberAperature.cpp">
      <Filter>Source Files</Filter>
    </ClCompile>
    <ClCompile Include="GerberFlash.cpp">
      <Filter>Source Files</Filter>
    </ClCompile>
    <ClCompile Include="GerberMacro.cpp">
      <Filter>Source Files</Filter>
    </ClCompile>
    <ClCompile Include="GerberAperatureBlock.cpp">
      <Filter>Source Files</Filter>
    </ClCompile>
    <ClCompile Include="GerberStepRepeat.cpp">
      <Filter>Source Files</Filter>
    </ClCompile>
    <ClCompile Include="Variable.cpp">
      <Filter>Source Files</Filter>
    </ClCompile>
    <ClCompile Include="GerberPrimitive.cpp">
      <Filter>Source Files</Filter>
    </ClCompile>
    <ClCompile Include="Expression.cpp">
      <Filter>Source Files</Filter>
    </ClCompile>
    <ClCompile Include="GerberPrimitiveCircle.cpp">
      <Filter>Source Files</Filter>
    </ClCompile>
    <ClCompile Include="GerberPrimitiveCenterLine.cpp">
      <Filter>Source Files</Filter>
    </ClCompile>
    <ClCompile Include="GerberAperatureCircle.cpp">
      <Filter>Source Files</Filter>
    </ClCompile>
    <ClCompile Include="GerberAperatureRectangle.cpp">
      <Filter>Source Files</Filter>
    </ClCompile>
    <ClCompile Include="GerberAperatureObround.cpp">
      <Filter>Source Files</Filter>
    </ClCompile>
    <ClCompile Include="GerberAperaturePolygon.cpp">
      <Filter>Source Files</Filter>
    </ClCompile>
    <ClCompile Include="GerberAperatureMacro.cpp">
      <Filter>Source Files</Filter>
    </ClCompile>
    <ClCompile Include="GerberRender.cpp">
      <Filter>Source Files</Filter>
    </ClCompile>
    <ClCompile Include="GerberRenderPNG.cpp">
      <Filter>Source Files</Filter>
    </ClCompile>
    <ClCompile Include="WKBGeometry.cpp">
      <Filter>Source Files</Filter>
    </ClCompile>
    <ClCompile Include="GerberRenderDXF.cpp">
      <Filter>Source Files</Filter>
    </ClCompile>
    <ClCompile Include="Layer.cpp">
      <Filter>Source Files</Filter>
    </ClCompile>
    <ClCompile Include="Part.cpp">
      <Filter>Source Files</Filter>
    </ClCompile>
    <ClCompile Include="DrillsParser.cpp">
      <Filter>Source Files</Filter>
    </ClCompile>
    <ClCompile Include="DrillTool.cpp">
      <Filter>Source Files</Filter>
    </ClCompile>
    <ClCompile Include="DrillHole.cpp">
      <Filter>Source Files</Filter>
    </ClCompile>
    <ClCompile Include="Rectangle.cpp">
      <Filter>Source Files</Filter>
    </ClCompile>
  </ItemGroup>
  <ItemGroup>
    <Text Include="ReadMe.txt">
      <Filter>Source Files</Filter>
    </Text>
  </ItemGroup>
</Project>